version = 1
requires-python = ">=3.12, <3.15"

[[package]]
name = "asgiref"
version = "3.12.1"
source = { registry = "https://pypi.org/simple" }
sdist = { url = "https://files.pythonhosted.org/packages/e6/26/3b59f2bdae5f640389becb1f673cded775287f5fc4f816309d9ca9a3f93d/asgiref-3.12.1.tar.gz", hash = "sha256:59dcb51c272ad209d59bed5708a64a333083e86017d7fcdd67498eeab7784340", size = 42378 }
wheels = [
    { url = "https://files.pythonhosted.org/packages/c0/1b/54f4ad77cd8a584fa70746c47df988e002cf1ee1eba43364d46f87803647/asgiref-3.12.1-py3-none-any.whl", hash = "sha256:fe386d1c2bff7259ea95929266d12a8cf9a8b5a1c2598402967d8792e7a7c094", size = 25478 },
]

[[package]]
name = "attrs"
version = "26.1.0"
source = { registry = "https://pypi.org/simple" }
sdist = { url = "https://files.pythonhosted.org/packages/9a/8e/82a0fe20a541c03148528be8cac2408564a6c9a0cc7e9171802bc1d26985/attrs-26.1.0.tar.gz", hash = "sha256:d03ceb89cb322a8fd706d4fb91940737b6642aa36998fe130a9bc96c985eff32", size = 952055 }
wheels = [
    { url = "https://files.pythonhosted.org/packages/64/b4/17d4b0b2a2dc85a6df63d1157e028ed19f90d4cd97c36717afef2bc2f395/attrs-26.1.0-py3-none-any.whl", hash = "sha256:c647aa4a12dfbad9333ca4e71fe62ddc36f4e63b2d260a37a8b83d2f043ac309", size = 67548 },
]

[[package]]
name = "cattrs"
version = "26.2.0"
source = { registry = "https://pypi.org/simple" }
dependencies = [
    { name = "attrs" },
    { name = "typing-extensions" },
]
sdist = { url = "https://files.pythonhosted.org/packages/d6/b2/42f4524e5479b090040b5fd8bb316dd8c65a079bb6492494ce2079dc91be/cattrs-26.2.0.tar.gz", hash = "sha256:3cf49f69df8326bcf17a3cb3d3d3ec4a856858fe3a7473746c9044c317d3ba55", size = 524993 }
wheels = [
    { url = "https://files.pythonhosted.org/packages/f5/4d/6b8460462012a52075ba97932197f8c141be71b8e5f7e918af08ee73424b/cattrs-26.2.0-py3-none-any.whl", hash = "sha256:c680f17cd1df3a1c038ad1db8d90a9c595568cc54c4e8098e7ceb8d7b9bd826b", size = 74830 },
]

[[package]]
name = "colorama"
version = "0.4.6"
source = { registry = "https://pypi.org/simple" }
sdist = { url = "https://files.pythonhosted.org/packages/d8/53/6f443c9a4a8358a93a6792e2acffb9d9d5cb0a5cfd8802644b7b1c9a02e4/colorama-0.4.6.tar.gz", hash = "sha256:08695f5cb7ed6e0531a20572697297273c47b8cae5a63ffc6d6ed5c201be6e44", size = 27697 }
wheels = [
    { url = "https://files.pythonhosted.org/packages/d1/d6/3965ed04c63042e047cb6a3e6ed1a63a35087b6a609aa3a15ed8ac56c221/colorama-0.4.6-py2.py3-none-any.whl", hash = "sha256:4f1d9991f5acc0ca119f9d443620b77f9d6b33703e51011c16baf57afb285fc6", size = 25335 },
]

[[package]]
name = "django"
version = "6.1.1"
source = { registry = "https://pypi.org/simple" }
dependencies = [
    { name = "asgiref" },
    { name = "sqlparse" },
    { name = "tzdata", marker = "sys_platform == 'win32'" },
]
sdist = { url = "https://files.pythonhosted.org/packages/f8/d4/8314b5bdef20832f0ac6ae3b3e4d4924e4759fa3b4af27609dd747e7a6be/django-6.1.1.tar.gz", hash = "sha256:7ab93536d8e677aa14554c56426290c69480bf2ee68d7513d4a22f57d6bfeb84", size = 11284905 }
wheels = [
    { url = "https://files.pythonhosted.org/packages/8d/ca/c1040a4fd15754ede7df15fd72fc2e123045b473b253ab5f5284e11c651e/django-6.1.1-py3-none-any.whl", hash = "sha256:585fb82bf15053c42cf52e67c2f1b54a032dca384759315fd6678ab1870d1d72", size = 8419512 },
]

[[package]]
name = "djangorestframework"
version = "3.18.0"
source = { registry = "https://pypi.org/simple" }
dependencies = [
    { name = "django" },
]
sdist = { url = "https://files.pythonhosted.org/packages/79/bc/de04e3d4dc65e8b926700956ee70d4f084f2005603d21122d4d0683006fd/djangorestframework-3.18.0.tar.gz", hash = "sha256:2323a5111837e0b784dcb8323abc78ecc54fa2a5af7aff2677cf50cdd849477f", size = 913667 }
wheels = [
    { url = "https://files.pythonhosted.org/packages/51/d7/7461738e819b853275b35fd35712a85806c09a327e1fd5f8ff766bdd317e/djangorestframework-3.18.0-py3-none-any.whl", hash = "sha256:381fc44d3249c9565c5f723850855b734e99030eb30957a49f506d3fe11d7dcb", size = 900032 },
]

[[package]]
name = "iniconfig"
version = "2.3.0"
source = { registry = "https://pypi.org/simple" }
sdist = { url = "https://files.pythonhosted.org/packages/72/34/14ca021ce8e5dfedc35312d08ba8bf51fdd999c576889fc2c24cb97f4f10/iniconfig-2.3.0.tar.gz", hash = "sha256:c76315c77db068650d49c5b56314774a7804df16fee4402c1f19d6d15d8c4730", size = 20503 }
wheels = [
    { url = "https://files.pythonhosted.org/packages/cb/b1/3846dd7f199d53cb17f49cba7e651e9ce294d8497c8c150530ed11865bb8/iniconfig-2.3.0-py3-none-any.whl", hash = "sha256:f631c04d2c48c52b84d0d0549c99ff3859c98df65b3101406327ecc7d53fbf12", size = 7484 },
]

[[package]]
name = "marshmallow"
version = "4.3.1"
source = { registry = "https://pypi.org/simple" }
sdist = { url = "https://files.pythonhosted.org/packages/4e/d7/611e68d57e6a903c29cb33b5afec0f93b4baecacc6c6c62e33cde9eb9dcb/marshmallow-4.3.1.tar.gz", hash = "sha256:fb6b8048af08d4ab061610d5b7d3696a7e4c95337dbda880edb9f95812cabc20", size = 218308 }
wheels = [
    { url = "https://files.pythonhosted.org/packages/43/57/4526ca0e214a3d158690e3393f6d547a2f8070f88d6388ab21d5b0aac8a1/marshmallow-4.3.1-py3-none-any.whl", hash = "sha256:e65accfbe277546df92ed7996a678c90e063e9a7c2a2f5e03f7d0b90e3768c42", size = 49219 },
]

[[package]]
name = "mashumaro"
version = "3.22"
source = { registry = "https://pypi.org/simple" }
dependencies = [
    { name = "typing-extensions" },
]
sdist = { url = "https://files.pythonhosted.org/packages/d1/e3/a06dcd2e6df094c5e294721926f1f76da30f50823e2ac233a9198e804891/mashumaro-3.22.tar.gz", hash = "sha256:64538cc365204402a060ebde683a86505b5a4344acf6870d79021e9fbfe57360", size = 197845 }
wheels = [
    { url = "https://files.pythonhosted.org/packages/9b/1c/92fd926c2e7763535454683250dbdd8d10aa2f2c62f58d6abbcce4d8b3fc/mashumaro-3.22-py3-none-any.whl", hash = "sha256:17dc4d7294c33ef380a8b929dda0608577aa2141988c00a0c4932310108fe71d", size = 95916 },
]

[[package]]
name = "msgspec"
version = "0.21.1"
source = { registry = "https://pypi.org/simple" }
sdist = { url = "https://files.pythonhosted.org/packages/e3/60/f79b9b013a16fa3a58350c9295ddc6789f2e335f36ea61ed10a21b215364/msgspec-0.21.1.tar.gz", hash = "sha256:2313508e394b0d208f8f56892ca9b2799e2561329de9763b19619595a6c0f72c", size = 319193 }
wheels = [
    { url = "https://files.pythonhosted.org/packages/6e/cf/317224852c00248c620a9bcf4b26e2e4ab8afd752f18d2a6ef73ebd423b6/msgspec-0.21.1-cp312-cp312-macosx_10_13_x86_64.whl", hash = "sha256:d4248cf0b6129b7d230eacd493c17cc2d4f3989f3bb7f633a928a85b7dcfa251", size = 196188 },
    { url = "https://files.pythonhosted.org/packages/6d/81/074612945c0666078f7366f40000013de9f6ba687491d450df699bceebc9/msgspec-0.21.1-cp312-cp312-macosx_11_0_arm64.whl", hash = "sha256:5102c7e9b3acff82178449b85006d96310e690291bb1ea0142f1b24bcb8aabcb", size = 188473 },
    { url = "https://files.pythonhosted.org/packages/8a/37/655101799590bcc5fddb2bd3fe0e6194e816c2d1da7c361725f5eb89a910/msgspec-0.21.1-cp312-cp312-manylinux2014_aarch64.manylinux_2_17_aarch64.manylinux_2_28_aarch64.whl", hash = "sha256:846758412e9518252b2ac9bffd6f0e54d9ff614f5f9488df7749f81ff5c80920", size = 218871 },
    { url = "https://files.pythonhosted.org/packages/b5/d1/d4cd9fe89c7d400d7a18f86ccc94daa3f0927f53558846fcb60791dce5d6/msgspec-0.21.1-cp312-cp312-manylinux2014_x86_64.manylinux_2_17_x86_64.manylinux_2_28_x86_64.whl", hash = "sha256:21995e74b5c598c2e004110ad66ec7f1b8c20bf2bcf3b2de8fd9a3094422d3ff", size = 225025 },
    { url = "https://files.pythonhosted.org/packages/24/bf/e20549e602b9edccadeeff98760345a416f9cce846a657e8b18e3396b212/msgspec-0.21.1-cp312-cp312-musllinux_1_2_aarch64.whl", hash = "sha256:6129f0cca52992e898fd5344187f7c8127b63d810b2fd73e36fca73b4c6475ee", size = 222672 },
    { url = "https://files.pythonhosted.org/packages/b4/68/04d7a8f0f786545cf9b8c280c57aa6befb5977af6e884b8b54191cbe44b3/msgspec-0.21.1-cp312-cp312-musllinux_1_2_x86_64.whl", hash = "sha256:ef3ec2296248d1f8b9231acb051b6d471dfde8f21819e86c9adaaa9f42918521", size = 227303 },
    { url = "https://files.pythonhosted.org/packages/cc/4d/619866af2840875be408047bf9e70ceafbae6ab50660de7134ed1b25eb86/msgspec-0.21.1-cp312-cp312-win_amd64.whl", hash = "sha256:d4ab834a054c6f0cbeef6df9e7e1b33d5f1bc7b86dea1d2fd7cad003873e783d", size = 190017 },
    { url = "https://files.pythonhosted.org/packages/5e/2e/a8f9eca8fd00e097d7a9e99ba8a4685db994494448e3d4f0b7f6e9a3c0f7/msgspec-0.21.1-cp312-cp312-win_arm64.whl", hash = "sha256:628aaa35c74950a8c59da330d7e98917e1c7188f983745782027748ee4ca573e", size = 175345 },
    { url = "https://files.pythonhosted.org/packages/7e/74/f11ede02839b19ff459f88e3145df5d711626ca84da4e23520cebf819367/msgspec-0.21.1-cp313-cp313-macosx_10_13_x86_64.whl", hash = "sha256:764173717a01743f007e9f74520ed281f24672c604514f7d76c1c3a10e8edb66", size = 196176 },
    { url = "https://files.pythonhosted.org/packages/bb/40/4476c1bd341418a046c4955aff632ec769315d1e3cb94e6acf86d461f9ed/msgspec-0.21.1-cp313-cp313-macosx_11_0_arm64.whl", hash = "sha256:344c7cd0eaed1fb81d7959f99100ef71ec9b536881a376f11b9a6c4803365697", size = 188524 },
    { url = "https://files.pythonhosted.org/packages/ca/d9/9e9d7d7e5061b47540d03d640fab9b3965ba7ae49c1b2154861c8f007518/msgspec-0.21.1-cp313-cp313-manylinux2014_aarch64.manylinux_2_17_aarch64.manylinux_2_28_aarch64.whl", hash = "sha256:48943e278b3854c2f89f955ddc6f9f430d3f0784b16e47d10604ee0463cd21f5", size = 218880 },
    { url = "https://files.pythonhosted.org/packages/74/66/2bb344f34abb4b57e60c7c9c761994e0417b9718ec1460bf00c296f2a7ea/msgspec-0.21.1-cp313-cp313-manylinux2014_x86_64.manylinux_2_17_x86_64.manylinux_2_28_x86_64.whl", hash = "sha256:a9aa659ebb0101b1cbc31461212b87e341d961f0ab0772aaf068a99e001ec4aa", size = 225050 },
    { url = "https://files.pythonhosted.org/packages/1a/84/7c1e412f76092277bf760cef12b7979d03314d259ab5b5cafde5d0c1722d/msgspec-0.21.1-cp313-cp313-musllinux_1_2_aarch64.whl", hash = "sha256:f7b27d1a8ead2b6f5b0c4f2d07b8be1ccfcc041c8a0e704781edebe3ae13c484", size = 222713 },
    { url = "https://files.pythonhosted.org/packages/4e/27/0bba04b2b4ef05f3d068429410bc71d2cea925f1596a8f41152cccd5edb8/msgspec-0.21.1-cp313-cp313-musllinux_1_2_x86_64.whl", hash = "sha256:38fe93e86b61328fe544cb7fd871fad5a27c8734bfda90f65e5dbe288ae50f61", size = 227259 },
    { url = "https://files.pythonhosted.org/packages/b0/2d/09574b0eea02fed2c2c1383dbaae2c7f79dc16dcd6487a886000afb5d7c4/msgspec-0.21.1-cp313-cp313-win_amd64.whl", hash = "sha256:8bc666331c35fcce05a7cd2d6221adbe0f6058f8e750711413d22793c080ac6a", size = 189857 },
    { url = "https://files.pythonhosted.org/packages/46/34/105b1576ad182879914f0c821f17ee1d13abb165cb060448f96fe2aff078/msgspec-0.21.1-cp313-cp313-win_arm64.whl", hash = "sha256:42bb1241e0750c1a4346f2aa84db26c5ffd99a4eb3a954927d9f149ff2f42898", size = 175403 },
    { url = "https://files.pythonhosted.org/packages/5a/ad/86954e987d1d6a5c579e2c2e7832b65e0fff194179fdac4f581536086024/msgspec-0.21.1-cp314-cp314-macosx_10_15_x86_64.whl", hash = "sha256:fab48eb45fdbfbdb2c0edfec00ffc53b6b6085beefc6b50b61e01659f9f8757f", size = 196261 },
    { url = "https://files.pythonhosted.org/packages/d1/a1/c5e46c3e42b866199365e35d11dddfd1fbd8bba4fdb3c52f965b1607ce94/msgspec-0.21.1-cp314-cp314-macosx_11_0_arm64.whl", hash = "sha256:3cb779ea0c35bc807ff941d415875c1f69ca0be91a2e907ab99a171811d86a9a", size = 188729 },
    { url = "https://files.pythonhosted.org/packages/85/7d/1e29a319d678d6cb962ae5bdf32a6858ebdf38f73bc654c0e9c742a0c2c8/msgspec-0.21.1-cp314-cp314-manylinux2014_aarch64.manylinux_2_17_aarch64.manylinux_2_28_aarch64.whl", hash = "sha256:68604db36b3b4dd9bf160e436e12798a4738848144cea1aca1cb984011eb160f", size = 219866 },
    { url = "https://files.pythonhosted.org/packages/25/1f/cca084ca2572810fff12ea9dbdcbe39eac048f40daf4a9077b49fcbe8cee/msgspec-0.21.1-cp314-cp314-manylinux2014_x86_64.manylinux_2_17_x86_64.manylinux_2_28_x86_64.whl", hash = "sha256:3d6b9dc50948eaf65df54d2fd0ff66e6d8c32f116037209ee861810eb9b676cb", size = 224993 },
    { url = "https://files.pythonhosted.org/packages/71/94/d2120fc9d419a89a3a7c13e5b7078798c4b392a96a02a6e2b3ce43a8766c/msgspec-0.21.1-cp314-cp314-musllinux_1_2_aarch64.whl", hash = "sha256:52c5e21930942302394429c5a582ce7e6b62c7f983b3760834c2ce107e0dd6df", size = 223535 },
    { url = "https://files.pythonhosted.org/packages/75/17/42418b66a3ad972a89bab73dd78b79cc6282bb488a25e73c853cee7443b9/msgspec-0.21.1-cp314-cp314-musllinux_1_2_x86_64.whl", hash = "sha256:abbb39d65681fa24ed394e01af3d59d869068324f900c61d06062b7fb9980f2f", size = 227222 },
    { url = "https://files.pythonhosted.org/packages/c4/33/265c894268cca88ff67b144ca2b4c522fc8b9a6f1966a3640c70516e78e1/msgspec-0.21.1-cp314-cp314-win_amd64.whl", hash = "sha256:5666b1b560b97b6ec2eb3fca8a502298ebac56e13bbca1f88523538ce83d01ea", size = 193810 },
    { url = "https://files.pythonhosted.org/packages/3b/8f/a6d35f25bf1fc63c492fdd88fdce01ba0875ead48c2b91f90f33653b4131/msgspec-0.21.1-cp314-cp314-win_arm64.whl", hash = "sha256:d8b8578e4c83b14ceea4cef0d0b747e31d9330fe4b03b2b2ad4063866a178f93", size = 179125 },
    { url = "https://files.pythonhosted.org/packages/c6/39/74839641e64b99d87da55af0fc472854d42b46e2183b9e2a67fe1bb2a512/msgspec-0.21.1-cp314-cp314t-macosx_10_15_x86_64.whl", hash = "sha256:15f523d51c00ebad412213bfe9f06f0a50ec2b93e0c19e824a2d267cabb48ea2", size = 200171 },
    { url = "https://files.pythonhosted.org/packages/70/9b/ce0cca6d2d87fcd4b6ff97600790494e64f26a2c55d61507cd2755c16193/msgspec-0.21.1-cp314-cp314t-macosx_11_0_arm64.whl", hash = "sha256:4e47390360583ba3d5c6cb44cf0a9f61b0a06a899d3c2c00627cedebb2e2884b", size = 192879 },
    { url = "https://files.pythonhosted.org/packages/a7/08/673a7bb05e5702dc787ddd3011195b509f9867927970da59052211929987/msgspec-0.21.1-cp314-cp314t-manylinux2014_aarch64.manylinux_2_17_aarch64.manylinux_2_28_aarch64.whl", hash = "sha256:f60800e6299b798142dc40b0644da77ceac5ea0568be58228417eae14135c847", size = 226281 },
    { url = "https://files.pythonhosted.org/packages/7d/45/86508cf57283e9070b3c447e3ab25b792a7a0855a3ea4e0c6d111ac34c97/msgspec-0.21.1-cp314-cp314t-manylinux2014_x86_64.manylinux_2_17_x86_64.manylinux_2_28_x86_64.whl", hash = "sha256:5f8e9dfcd98419cf7568808470c4317a3fb30bef0e3715b568730a2b272a20d7", size = 229863 },
    { url = "https://files.pythonhosted.org/packages/2c/62/e7c9367cd08d590559faacd711edbae36840342843e669440363f33c7d36/msgspec-0.21.1-cp314-cp314t-musllinux_1_2_aarch64.whl", hash = "sha256:92d89dfad13bd1ea640dc3e37e724ed380da1030b272bdf5ecafb983c3ad7c75", size = 230445 },
    { url = "https://files.pythonhosted.org/packages/42/b4/c0f54632103846b658a10930025f4de41c8724b5e4805a5f3b395586cb7e/msgspec-0.21.1-cp314-cp314t-musllinux_1_2_x86_64.whl", hash = "sha256:0d03867786e5d7ba25d666df4b11320c27170f4aeafcb8e3a8b0a50a4fb742ca", size = 231822 },
    { url = "https://files.pythonhosted.org/packages/ea/1d/0d85cc79d0ccf5508e9c846cc66552a6a16bf92abd1dbd8362617f7b35cd/msgspec-0.21.1-cp314-cp314t-win_amd64.whl", hash = "sha256:740fbf1c9d59992ca3537d6fbe9ebbf9eaf726a65fbf31448e0ecbc710697a63", size = 206650 },
    { url = "https://files.pythonhosted.org/packages/90/91/56c5d560f20e6c20e9e4f55bd0e458f7f162aa689ee350346c04c48eac0b/msgspec-0.21.1-cp314-cp314t-win_arm64.whl", hash = "sha256:0d2cc73df6058d811a126ac3a8ad63a4dfa210c82f9cf5a004802eaf4712de90", size = 183149 },
]

[[package]]
name = "packaging"
version = "26.3"
source = { registry = "https://pypi.org/simple" }
sdist = { url = "https://files.pythonhosted.org/packages/7d/fa/3944b40b07da9ce895c0e6303a5ab7d53da063554f534556b134a54d6093/packaging-26.3.tar.gz", hash = "sha256:94edc256424af38762eb31306eed28beb9f0efc50a8837492c9d6fd6004aed79", size = 313412 }
wheels = [
    { url = "https://files.pythonhosted.org/packages/63/34/ba1c580383c9eada3711951fef0795c80b829a078d72188184bcab9dd527/packaging-26.3-py3-none-any.whl", hash = "sha256:d7193f7c8e4e93f444fde0262bf90af30e16fa0ad0ad44cb553c87339b23cd1c", size = 129956 },
]

[[package]]
name = "pluggy"
version = "1.6.0"
source = { registry = "https://pypi.org/simple" }
sdist = { url = "https://files.pythonhosted.org/packages/f9/e2/3e91f31a7d2b083fe6ef3fa267035b518369d9511ffab804f839851d2779/pluggy-1.6.0.tar.gz", hash = "sha256:7dcc130b76258d33b90f61b658791dede3486c3e6bfb003ee5c9bfb396dd22f3", size = 69412 }
wheels = [
    { url = "https://files.pythonhosted.org/packages/54/20/4d324d65cc6d9205fabedc306948156824eb9f0ee1633355a8f7ec5c66bf/pluggy-1.6.0-py3-none-any.whl", hash = "sha256:e920276dd6813095e9377c0bc5566d94c932c33b27a3e3945d8389c374dd4746", size = 20538 },
]

[[package]]
name = "pygments"
version = "2.21.0"
source = { registry = "https://pypi.org/simple" }
sdist = { url = "https://files.pythonhosted.org/packages/49/2e/ced460408999b33da6b31b0021b0f37d329e202d4169aeb164493778f25b/pygments-2.21.0.tar.gz", hash = "sha256:610ca751c9bc2492b38eb9a38a7fbc93edbbb2d7182edaf34e66ae493dee5c8c", size = 5005329 }
wheels = [
    { url = "https://files.pythonhosted.org/packages/71/46/17f022dd3e953bf20a04a028a21ec746d942f8d2af30fa0f124fa0e6a684/pygments-2.21.0-py3-none-any.whl", hash = "sha256:2363c69b61c4a97c838da3b130dcd6468f4848992b21a82f2a63ec34377137d9", size = 1250147 },
]

[[package]]
name = "pytest"
version = "9.1.1"
source = { registry = "https://pypi.org/simple" }
dependencies = [
    { name = "colorama", marker = "sys_platform == 'win32'" },
    { name = "iniconfig" },
    { name = "packaging" },
    { name = "pluggy" },
    { name = "pygments" },
]
sdist = { url = "https://files.pythonhosted.org/packages/e4/47/b9efed96c114afcfa3c9d3fe98a76a1d14c74a9e266d397cf6eb64be5e01/pytest-9.1.1.tar.gz", hash = "sha256:1088fbde8f2b49d95a549a195707afa7a76a3ce9bcadc26b6d71f0ffda5fe313", size = 1636369 }
wheels = [
    { url = "https://files.pythonhosted.org/packages/24/25/1de2678b631f5a49215c6c96fff41ba892b0a34df68d6d80292b1b48aa7f/pytest-9.1.1-py3-none-any.whl", hash = "sha256:37a86b45efb9a47a61a36449063e8e18d0cab3161329fc099eb21783169c4f0c", size = 386536 },
]

[[package]]
name = "python-serialization-benchmark"
version = "0.1.0"
source = { editable = "." }
dependencies = [
    { name = "cattrs" },
    { name = "django" },
    { name = "djangorestframework" },
    { name = "marshmallow" },
    { name = "mashumaro" },
    { name = "msgspec" },
]

[package.dev-dependencies]
dev = [
    { name = "pytest" },
]

[package.metadata]
requires-dist = [
    { name = "cattrs", specifier = "==26.2.0" },
    { name = "django", specifier = "==6.1.1" },
    { name = "djangorestframework", specifier = "==3.18.0" },
    { name = "marshmallow", specifier = "==4.3.1" },
    { name = "mashumaro", specifier = "==3.22" },
    { name = "msgspec", specifier = "==0.21.1" },
]

[package.metadata.requires-dev]
dev = [{ name = "pytest", specifier = "==9.1.1" }]

[[package]]
name = "sqlparse"
version = "0.6.0"
source = { registry = "https://pypi.org/simple" }
sdist = { url = "https://files.pythonhosted.org/packages/5f/d3/3f06a1006f2261d1342aefb3c71eed02f5d4ca5bdbecd86ebc12ad38306e/sqlparse-0.6.0.tar.gz", hash = "sha256:113c35c75365ab9cc9c7231d68c6428fb11c085fc8e9eb1ad659b7ddbf6cd2b9", size = 178477 }
wheels = [
    { url = "https://files.pythonhosted.org/packages/d9/50/f00935da0ec7cbf325f8dc4f772ae46fbc7b672dd62876e73f0a94adda57/sqlparse-0.6.0-py3-none-any.whl", hash = "sha256:b861c0288ce2fa56209a9a6412d2e066ac664b3873b89c26c9d8415e8e32996f", size = 50070 },
]

[[package]]
name = "typing-extensions"
version = "4.16.0"
source = { registry = "https://pypi.org/simple" }
sdist = { url = "https://files.pythonhosted.org/packages/f6/cc/6253133b5bb138fc3306cebfbda2c520f545d36b5be2c7255cc528bb45d6/typing_extensions-4.16.0.tar.gz", hash = "sha256:dc983d19a509c94dba722ee6abd33940f7c05a89e243c47e907eb4db6f1a43e5", size = 113555 }
wheels = [
    { url = "https://files.pythonhosted.org/packages/49/d3/b8441a820a491ddfc024b0b0cf0393375b75ea13866d9c66727e54c2fc80/typing_extensions-4.16.0-py3-none-any.whl", hash = "sha256:481caa481374e813c1b176ada14e97f1f67a4539ce9cfeb3f350d78d6370c2e8", size = 45571 },
]

[[package]]
name = "tzdata"
version = "2026.3"
source = { registry = "https://pypi.org/simple" }
sdist = { url = "https://files.pythonhosted.org/packages/92/ff/5a28bdfd8c3ebec42564ac7d0e54ca3db65044a9314a97f9564fa7a1e926/tzdata-2026.3.tar.gz", hash = "sha256:4a1518b8993086a7982523e071643f3c0e5f213e75b21318e78bcabfff9d1415", size = 198674 }
wheels = [
    { url = "https://files.pythonhosted.org/packages/e5/6d/b53b99a9f2766d095985947a5782f1702cabb129a34f7a802d7197af832f/tzdata-2026.3-py2.py3-none-any.whl", hash = "sha256:dc096730c87af6cab1b171c9d532be840741ff5d459015e7f6947bd7d7e54931", size = 348168 },
]
